
Microsoft Visual Studio Solution File, Format Version 12.00
# Visual Studio Version 16
VisualStudioVersion = 16.0.29911.84
MinimumVisualStudioVersion = 10.0.40219.1
Project("{FAE04EC0-301F-11D3-BF4B-00C04F79EFBC}") = "Invite", "Invite\Invite.csproj", "{221F2AC0-E3EB-4C18-A74A-542279B28502}"
EndProject
Global
	GlobalSection(SolutionConfigurationPlatforms) = preSolution
		Debug|Any CPU = Debug|Any CPU
		Release|Any CPU = Release|Any CPU
	EndGlobalSection
	GlobalSection(ProjectConfigurationPlatforms) = postSolution
		{221F2AC0-E3EB-4C18-A74A-542279B28502}.Debug|Any CPU.ActiveCfg = Debug|Any CPU
		{221F2AC0-E3EB-4C18-A74A-542279B28502}.Debug|Any CPU.Build.0 = Debug|Any CPU
		{221F2AC0-E3EB-4C18-A74A-542279B28502}.Release|Any CPU.ActiveCfg = Release|Any CPU
		{221F2AC0-E3EB-4C18-A74A-542279B28502}.Release|Any CPU.Build.0 = Release|Any CPU
	EndGlobalSection
	GlobalSection(SolutionProperties) = preSolution
		HideSolutionNode = FALSE
	EndGlobalSection
	GlobalSection(ExtensibilityGlobals) = postSolution
		SolutionGuid = {4A7D31C6-92E2-4B7E-B306-41BEC19FA5C1}
	EndGlobalSection
EndGlobal
